// !$*UTF8*$!
{
	archiveVersion = 1;
	classes = {
	};
	objectVersion = 55;
	objects = {

/* Begin PBXBuildFile section */
		A332328129003164001DC633 /* AppDelegate.swift in Sources */ = {isa = PBXBuildFile; fileRef = A332328029003164001DC633 /* AppDelegate.swift */; };
		A332328329003164001DC633 /* SceneDelegate.swift in Sources */ = {isa = PBXBuildFile; fileRef = A332328229003164001DC633 /* SceneDelegate.swift */; };
		A332328529003164001DC633 /* ViewController.swift in Sources */ = {isa = PBXBuildFile; fileRef = A332328429003164001DC633 /* ViewController.swift */; };
		A332328829003164001DC633 /* Main.storyboard in Resources */ = {isa = PBXBuildFile; fileRef = A332328629003164001DC633 /* Main.storyboard */; };
		A332328A29003166001DC633 /* Assets.xcassets in Resources */ = {isa = PBXBuildFile; fileRef = A332328929003166001DC633 /* Assets.xcassets */; };
		A332328D29003166001DC633 /* LaunchScreen.storyboard in Resources */ = {isa = PBXBuildFile; fileRef = A332328B29003166001DC633 /* LaunchScreen.storyboard */; };
		A332329C29003333001DC633 /* MenuView.swift in Sources */ = {isa = PBXBuildFile; fileRef = A332329A29003333001DC633 /* MenuView.swift */; };
		A332329D29003333001DC633 /* MenuView.xib in Resources */ = {isa = PBXBuildFile; fileRef = A332329B29003333001DC633 /* MenuView.xib */; };
		A33232A0290033B2001DC633 /* Constants.swift in Sources */ = {isa = PBXBuildFile; fileRef = A332329F290033B2001DC633 /* Constants.swift */; };
		A33232A429003BD2001DC633 /* BannerView.swift in Sources */ = {isa = PBXBuildFile; fileRef = A33232A229003BD2001DC633 /* BannerView.swift */; };
		A33232A529003BD2001DC633 /* BannerView.xib in Resources */ = {isa = PBXBuildFile; fileRef = A33232A329003BD2001DC633 /* BannerView.xib */; };
		A33232AB29004670001DC633 /* UIView.swift in Sources */ = {isa = PBXBuildFile; fileRef = A33232AA29004670001DC633 /* UIView.swift */; };
		A33232B129004EDD001DC633 /* ItemTableViewCell.swift in Sources */ = {isa = PBXBuildFile; fileRef = A33232AF29004EDD001DC633 /* ItemTableViewCell.swift */; };
		A33232B229004EDD001DC633 /* ItemTableViewCell.xib in Resources */ = {isa = PBXBuildFile; fileRef = A33232B029004EDD001DC633 /* ItemTableViewCell.xib */; };
		A3ECCB5D2900868500E1EB25 /* car_list.json in Resources */ = {isa = PBXBuildFile; fileRef = A3ECCB5C2900868500E1EB25 /* car_list.json */; };
		A3ECCB602900876C00E1EB25 /* Car.swift in Sources */ = {isa = PBXBuildFile; fileRef = A3ECCB5F2900876C00E1EB25 /* Car.swift */; };
		A3ECCB6229008DA100E1EB25 /* CarResponse.swift in Sources */ = {isa = PBXBuildFile; fileRef = A3ECCB6129008DA100E1EB25 /* CarResponse.swift */; };
/* End PBXBuildFile section */

/* Begin PBXFileReference section */
		A332327D29003164001DC633 /* Guidomia.app */ = {isa = PBXFileReference; explicitFileType = wrapper.application; includeInIndex = 0; path = Guidomia.app; sourceTree = BUILT_PRODUCTS_DIR; };
		A332328029003164001DC633 /* AppDelegate.swift */ = {isa = PBXFileReference; lastKnownFileType = sourcecode.swift; path = AppDelegate.swift; sourceTree = "<group>"; };
		A332328229003164001DC633 /* SceneDelegate.swift */ = {isa = PBXFileReference; lastKnownFileType = sourcecode.swift; path = SceneDelegate.swift; sourceTree = "<group>"; };
		A332328429003164001DC633 /* ViewController.swift */ = {isa = PBXFileReference; lastKnownFileType = sourcecode.swift; path = ViewController.swift; sourceTree = "<group>"; };
		A332328729003164001DC633 /* Base */ = {isa = PBXFileReference; lastKnownFileType = file.storyboard; name = Base; path = Base.lproj/Main.storyboard; sourceTree = "<group>"; };
		A332328929003166001DC633 /* Assets.xcassets */ = {isa = PBXFileReference; lastKnownFileType = folder.assetcatalog; path = Assets.xcassets; sourceTree = "<group>"; };
		A332328C29003166001DC633 /* Base */ = {isa = PBXFileReference; lastKnownFileType = file.storyboard; name = Base; path = Base.lproj/LaunchScreen.storyboard; sourceTree = "<group>"; };
		A332328E29003166001DC633 /* Info.plist */ = {isa = PBXFileReference; lastKnownFileType = text.plist.xml; path = Info.plist; sourceTree = "<group>"; };
		A332329A29003333001DC633 /* MenuView.swift */ = {isa = PBXFileReference; lastKnownFileType = sourcecode.swift; path = MenuView.swift; sourceTree = "<group>"; };
		A332329B29003333001DC633 /* MenuView.xib */ = {isa = PBXFileReference; lastKnownFileType = file.xib; path = MenuView.xib; sourceTree = "<group>"; };
		A332329F290033B2001DC633 /* Constants.swift */ = {isa = PBXFileReference; lastKnownFileType = sourcecode.swift; path = Constants.swift; sourceTree = "<group>"; };
		A33232A229003BD2001DC633 /* BannerView.swift */ = {isa = PBXFileReference; lastKnownFileType = sourcecode.swift; path = BannerView.swift; sourceTree = "<group>"; };
		A33232A329003BD2001DC633 /* BannerView.xib */ = {isa = PBXFileReference; lastKnownFileType = file.xib; path = BannerView.xib; sourceTree = "<group>"; };
		A33232AA29004670001DC633 /* UIView.swift */ = {isa = PBXFileReference; lastKnownFileType = sourcecode.swift; path = UIView.swift; sourceTree = "<group>"; };
		A33232AF29004EDD001DC633 /* ItemTableViewCell.swift */ = {isa = PBXFileReference; lastKnownFileType = sourcecode.swift; path = ItemTableViewCell.swift; sourceTree = "<group>"; };
		A33232B029004EDD001DC633 /* ItemTableViewCell.xib */ = {isa = PBXFileReference; lastKnownFileType = file.xib; path = ItemTableViewCell.xib; sourceTree = "<group>"; };
		A3ECCB5C2900868500E1EB25 /* car_list.json */ = {isa = PBXFileReference; fileEncoding = 4; lastKnownFileType = text.json; path = car_list.json; sourceTree = "<group>"; };
		A3ECCB5F2900876C00E1EB25 /* Car.swift */ = {isa = PBXFileReference; lastKnownFileType = sourcecode.swift; path = Car.swift; sourceTree = "<group>"; };
		A3ECCB6129008DA100E1EB25 /* CarResponse.swift */ = {isa = PBXFileReference; lastKnownFileType = sourcecode.swift; path = CarResponse.swift; sourceTree = "<group>"; };
/* End PBXFileReference section */

/* Begin PBXFrameworksBuildPhase section */
		A332327A29003164001DC633 /* Frameworks */ = {
			isa = PBXFrameworksBuildPhase;
			buildActionMask = 2147483647;
			files = (
			);
			runOnlyForDeploymentPostprocessing = 0;
		};
/* End PBXFrameworksBuildPhase section */

/* Begin PBXGroup section */
		A332327429003164001DC633 = {
			isa = PBXGroup;
			children = (
				A332327F29003164001DC633 /* Guidomia */,
				A332327E29003164001DC633 /* Products */,
			);
			sourceTree = "<group>";
		};
		A332327E29003164001DC633 /* Products */ = {
			isa = PBXGroup;
			children = (
				A332327D29003164001DC633 /* Guidomia.app */,
			);
			name = Products;
			sourceTree = "<group>";
		};
		A332327F29003164001DC633 /* Guidomia */ = {
			isa = PBXGroup;
			children = (
				A332328029003164001DC633 /* AppDelegate.swift */,
				A332328229003164001DC633 /* SceneDelegate.swift */,
				A3ECCB5E2900875700E1EB25 /* Model */,
				A33232A929004658001DC633 /* Extensions */,
				A332329E2900338F001DC633 /* Constants */,
				A332329429003284001DC633 /* Views */,
				A3ECCB5B2900865900E1EB25 /* Ressources */,
				A332328B29003166001DC633 /* LaunchScreen.storyboard */,
				A332328E29003166001DC633 /* Info.plist */,
			);
			path = Guidomia;
			sourceTree = "<group>";
		};
		A332329429003284001DC633 /* Views */ = {
			isa = PBXGroup;
			children = (
				A33232AC29004C85001DC633 /* ItemTableViewCell */,
				A33232A629003EC0001DC633 /* Home */,
				A33232A129003B70001DC633 /* Banner */,
				A332329529003290001DC633 /* Menu */,
			);
			path = Views;
			sourceTree = "<group>";
		};
		A332329529003290001DC633 /* Menu */ = {
			isa = PBXGroup;
			children = (
				A332329B29003333001DC633 /* MenuView.xib */,
				A332329A29003333001DC633 /* MenuView.swift */,
			);
			path = Menu;
			sourceTree = "<group>";
		};
		A332329E2900338F001DC633 /* Constants */ = {
			isa = PBXGroup;
			children = (
				A332329F290033B2001DC633 /* Constants.swift */,
			);
			path = Constants;
			sourceTree = "<group>";
		};
		A33232A129003B70001DC633 /* Banner */ = {
			isa = PBXGroup;
			children = (
				A33232A229003BD2001DC633 /* BannerView.swift */,
				A33232A329003BD2001DC633 /* BannerView.xib */,
			);
			path = Banner;
			sourceTree = "<group>";
		};
		A33232A629003EC0001DC633 /* Home */ = {
			isa = PBXGroup;
			children = (
				A332328429003164001DC633 /* ViewController.swift */,
				A332328629003164001DC633 /* Main.storyboard */,
			);
			path = Home;
			sourceTree = "<group>";
		};
		A33232A929004658001DC633 /* Extensions */ = {
			isa = PBXGroup;
			children = (
				A33232AA29004670001DC633 /* UIView.swift */,
			);
			path = Extensions;
			sourceTree = "<group>";
		};
		A33232AC29004C85001DC633 /* ItemTableViewCell */ = {
			isa = PBXGroup;
			children = (
				A33232AF29004EDD001DC633 /* ItemTableViewCell.swift */,
				A33232B029004EDD001DC633 /* ItemTableViewCell.xib */,
			);
			path = ItemTableViewCell;
			sourceTree = "<group>";
		};
		A3ECCB5B2900865900E1EB25 /* Ressources */ = {
			isa = PBXGroup;
			children = (
				A3ECCB5C2900868500E1EB25 /* car_list.json */,
				A332328929003166001DC633 /* Assets.xcassets */,
			);
			path = Ressources;
			sourceTree = "<group>";
		};
		A3ECCB5E2900875700E1EB25 /* Model */ = {
			isa = PBXGroup;
			children = (
				A3ECCB5F2900876C00E1EB25 /* Car.swift */,
				A3ECCB6129008DA100E1EB25 /* CarResponse.swift */,
			);
			path = Model;
			sourceTree = "<group>";
		};
/* End PBXGroup section */

/* Begin PBXNativeTarget section */
		A332327C29003164001DC633 /* Guidomia */ = {
			isa = PBXNativeTarget;
			buildConfigurationList = A332329129003166001DC633 /* Build configuration list for PBXNativeTarget "Guidomia" */;
			buildPhases = (
				A332327929003164001DC633 /* Sources */,
				A332327A29003164001DC633 /* Frameworks */,
				A332327B29003164001DC633 /* Resources */,
			);
			buildRules = (
			);
			dependencies = (
			);
			name = Guidomia;
			productName = Guidomia;
			productReference = A332327D29003164001DC633 /* Guidomia.app */;
			productType = "com.apple.product-type.application";
		};
/* End PBXNativeTarget section */

/* Begin PBXProject section */
		A332327529003164001DC633 /* Project object */ = {
			isa = PBXProject;
			attributes = {
				BuildIndependentTargetsInParallel = 1;
				LastSwiftUpdateCheck = 1320;
				LastUpgradeCheck = 1320;
				TargetAttributes = {
					A332327C29003164001DC633 = {
						CreatedOnToolsVersion = 13.2.1;
					};
				};
			};
			buildConfigurationList = A332327829003164001DC633 /* Build configuration list for PBXProject "Guidomia" */;
			compatibilityVersion = "Xcode 13.0";
			developmentRegion = en;
			hasScannedForEncodings = 0;
			knownRegions = (
				en,
				Base,
			);
			mainGroup = A332327429003164001DC633;
			productRefGroup = A332327E29003164001DC633 /* Products */;
			projectDirPath = "";
			projectRoot = "";
			targets = (
				A332327C29003164001DC633 /* Guidomia */,
			);
		};
/* End PBXProject section */

/* Begin PBXResourcesBuildPhase section */
		A332327B29003164001DC633 /* Resources */ = {
			isa = PBXResourcesBuildPhase;
			buildActionMask = 2147483647;
			files = (
				A332328D29003166001DC633 /* LaunchScreen.storyboard in Resources */,
				A332328A29003166001DC633 /* Assets.xcassets in Resources */,
				A3ECCB5D2900868500E1EB25 /* car_list.json in Resources */,
				A33232A529003BD2001DC633 /* BannerView.xib in Resources */,
				A332328829003164001DC633 /* Main.storyboard in Resources */,
				A33232B229004EDD001DC633 /* ItemTableViewCell.xib in Resources */,
				A332329D29003333001DC633 /* MenuView.xib in Resources */,
			);
			runOnlyForDeploymentPostprocessing = 0;
		};
/* End PBXResourcesBuildPhase section */

/* Begin PBXSourcesBuildPhase section */
		A332327929003164001DC633 /* Sources */ = {
			isa = PBXSourcesBuildPhase;
			buildActionMask = 2147483647;
			files = (
				A33232A429003BD2001DC633 /* BannerView.swift in Sources */,
				A33232A0290033B2001DC633 /* Constants.swift in Sources */,
				A332328529003164001DC633 /* ViewController.swift in Sources */,
				A33232AB29004670001DC633 /* UIView.swift in Sources */,
				A33232B129004EDD001DC633 /* ItemTableViewCell.swift in Sources */,
				A3ECCB602900876C00E1EB25 /* Car.swift in Sources */,
				A332328129003164001DC633 /* AppDelegate.swift in Sources */,
				A3ECCB6229008DA100E1EB25 /* CarResponse.swift in Sources */,
				A332328329003164001DC633 /* SceneDelegate.swift in Sources */,
				A332329C29003333001DC633 /* MenuView.swift in Sources */,
			);
			runOnlyForDeploymentPostprocessing = 0;
		};
/* End PBXSourcesBuildPhase section */

/* Begin PBXVariantGroup section */
		A332328629003164001DC633 /* Main.storyboard */ = {
			isa = PBXVariantGroup;
			children = (
				A332328729003164001DC633 /* Base */,
			);
			name = Main.storyboard;
			sourceTree = "<group>";
		};
		A332328B29003166001DC633 /* LaunchScreen.storyboard */ = {
			isa = PBXVariantGroup;
			children = (
				A332328C29003166001DC633 /* Base */,
			);
			name = LaunchScreen.storyboard;
			sourceTree = "<group>";
		};
/* End PBXVariantGroup section */

/* Begin XCBuildConfiguration section */
		A332328F29003166001DC633 /* Debug */ = {
			isa = XCBuildConfiguration;
			buildSettings = {
				ALWAYS_SEARCH_USER_PATHS = NO;
				CLANG_ANALYZER_NONNULL = YES;
				CLANG_ANALYZER_NUMBER_OBJECT_CONVERSION = YES_AGGRESSIVE;
				CLANG_CXX_LANGUAGE_STANDARD = "gnu++17";
				CLANG_CXX_LIBRARY = "libc++";
				CLANG_ENABLE_MODULES = YES;
				CLANG_ENABLE_OBJC_ARC = YES;
				CLANG_ENABLE_OBJC_WEAK = YES;
				CLANG_WARN_BLOCK_CAPTURE_AUTORELEASING = YES;
				CLANG_WARN_BOOL_CONVERSION = YES;
				CLANG_WARN_COMMA = YES;
				CLANG_WARN_CONSTANT_CONVERSION = YES;
				CLANG_WARN_DEPRECATED_OBJC_IMPLEMENTATIONS = YES;
				CLANG_WARN_DIRECT_OBJC_ISA_USAGE = YES_ERROR;
				CLANG_WARN_DOCUMENTATION_COMMENTS = YES;
				CLANG_WARN_EMPTY_BODY = YES;
				CLANG_WARN_ENUM_CONVERSION = YES;
				CLANG_WARN_INFINITE_RECURSION = YES;
				CLANG_WARN_INT_CONVERSION = YES;
				CLANG_WARN_NON_LITERAL_NULL_CONVERSION = YES;
				CLANG_WARN_OBJC_IMPLICIT_RETAIN_SELF = YES;
				CLANG_WARN_OBJC_LITERAL_CONVERSION = YES;
				CLANG_WARN_OBJC_ROOT_CLASS = YES_ERROR;
				CLANG_WARN_QUOTED_INCLUDE_IN_FRAMEWORK_HEADER = YES;
				CLANG_WARN_RANGE_LOOP_ANALYSIS = YES;
				CLANG_WARN_STRICT_PROTOTYPES = YES;
				CLANG_WARN_SUSPICIOUS_MOVE = YES;
				CLANG_WARN_UNGUARDED_AVAILABILITY = YES_AGGRESSIVE;
				CLANG_WARN_UNREACHABLE_CODE = YES;
				CLANG_WARN__DUPLICATE_METHOD_MATCH = YES;
				COPY_PHASE_STRIP = NO;
				DEBUG_INFORMATION_FORMAT = dwarf;
				ENABLE_STRICT_OBJC_MSGSEND = YES;
				ENABLE_TESTABILITY = YES;
				GCC_C_LANGUAGE_STANDARD = gnu11;
				GCC_DYNAMIC_NO_PIC = NO;
				GCC_NO_COMMON_BLOCKS = YES;
				GCC_OPTIMIZATION_LEVEL = 0;
				GCC_PREPROCESSOR_DEFINITIONS = (
					"DEBUG=1",
					"$(inherited)",
				);
				GCC_WARN_64_TO_32_BIT_CONVERSION = YES;
				GCC_WARN_ABOUT_RETURN_TYPE = YES_ERROR;
				GCC_WARN_UNDECLARED_SELECTOR = YES;
				GCC_WARN_UNINITIALIZED_AUTOS = YES_AGGRESSIVE;
				GCC_WARN_UNUSED_FUNCTION = YES;
				GCC_WARN_UNUSED_VARIABLE = YES;
				IPHONEOS_DEPLOYMENT_TARGET = 15.2;
				MTL_ENABLE_DEBUG_INFO = INCLUDE_SOURCE;
				MTL_FAST_MATH = YES;
				ONLY_ACTIVE_ARCH = YES;
				SDKROOT = iphoneos;
				SWIFT_ACTIVE_COMPILATION_CONDITIONS = DEBUG;
				SWIFT_OPTIMIZATION_LEVEL = "-Onone";
			};
			name = Debug;
		};
		A332329029003166001DC633 /* Release */ = {
			isa = XCBuildConfiguration;
			buildSettings = {
				ALWAYS_SEARCH_USER_PATHS = NO;
				CLANG_ANALYZER_NONNULL = YES;
				CLANG_ANALYZER_NUMBER_OBJECT_CONVERSION = YES_AGGRESSIVE;
				CLANG_CXX_LANGUAGE_STANDARD = "gnu++17";
				CLANG_CXX_LIBRARY = "libc++";
				CLANG_ENABLE_MODULES = YES;
				CLANG_ENABLE_OBJC_ARC = YES;
				CLANG_ENABLE_OBJC_WEAK = YES;
				CLANG_WARN_BLOCK_CAPTURE_AUTORELEASING = YES;
				CLANG_WARN_BOOL_CONVERSION = YES;
				CLANG_WARN_COMMA = YES;
				CLANG_WARN_CONSTANT_CONVERSION = YES;
				CLANG_WARN_DEPRECATED_OBJC_IMPLEMENTATIONS = YES;
				CLANG_WARN_DIRECT_OBJC_ISA_USAGE = YES_ERROR;
				CLANG_WARN_DOCUMENTATION_COMMENTS = YES;
				CLANG_WARN_EMPTY_BODY = YES;
				CLANG_WARN_ENUM_CONVERSION = YES;
				CLANG_WARN_INFINITE_RECURSION = YES;
				CLANG_WARN_INT_CONVERSION = YES;
				CLANG_WARN_NON_LITERAL_NULL_CONVERSION = YES;
				CLANG_WARN_OBJC_IMPLICIT_RETAIN_SELF = YES;
				CLANG_WARN_OBJC_LITERAL_CONVERSION = YES;
				CLANG_WARN_OBJC_ROOT_CLASS = YES_ERROR;
				CLANG_WARN_QUOTED_INCLUDE_IN_FRAMEWORK_HEADER = YES;
				CLANG_WARN_RANGE_LOOP_ANALYSIS = YES;
				CLANG_WARN_STRICT_PROTOTYPES = YES;
				CLANG_WARN_SUSPICIOUS_MOVE = YES;
				CLANG_WARN_UNGUARDED_AVAILABILITY = YES_AGGRESSIVE;
				CLANG_WARN_UNREACHABLE_CODE = YES;
				CLANG_WARN__DUPLICATE_METHOD_MATCH = YES;
				COPY_PHASE_STRIP = NO;
				DEBUG_INFORMATION_FORMAT = "dwarf-with-dsym";
				ENABLE_NS_ASSERTIONS = NO;
				ENABLE_STRICT_OBJC_MSGSEND = YES;
				GCC_C_LANGUAGE_STANDARD = gnu11;
				GCC_NO_COMMON_BLOCKS = YES;
				GCC_WARN_64_TO_32_BIT_CONVERSION = YES;
				GCC_WARN_ABOUT_RETURN_TYPE = YES_ERROR;
				GCC_WARN_UNDECLARED_SELECTOR = YES;
				GCC_WARN_UNINITIALIZED_AUTOS = YES_AGGRESSIVE;
				GCC_WARN_UNUSED_FUNCTION = YES;
				GCC_WARN_UNUSED_VARIABLE = YES;
				IPHONEOS_DEPLOYMENT_TARGET = 15.2;
				MTL_ENABLE_DEBUG_INFO = NO;
				MTL_FAST_MATH = YES;
				SDKROOT = iphoneos;
				SWIFT_COMPILATION_MODE = wholemodule;
				SWIFT_OPTIMIZATION_LEVEL = "-O";
				VALIDATE_PRODUCT = YES;
			};
			name = Release;
		};
		A332329229003166001DC633 /* Debug */ = {
			isa = XCBuildConfiguration;
			buildSettings = {
				ASSETCATALOG_COMPILER_APPICON_NAME = AppIcon;
				ASSETCATALOG_COMPILER_GLOBAL_ACCENT_COLOR_NAME = AccentColor;
				CODE_SIGN_STYLE = Automatic;
				CURRENT_PROJECT_VERSION = 1;
				DEVELOPMENT_TEAM = HJ935V4392;
				GENERATE_INFOPLIST_FILE = YES;
				INFOPLIST_FILE = Guidomia/Info.plist;
				INFOPLIST_KEY_UIApplicationSupportsIndirectInputEvents = YES;
				INFOPLIST_KEY_UILaunchStoryboardName = LaunchScreen;
				INFOPLIST_KEY_UIMainStoryboardFile = Main;
				INFOPLIST_KEY_UISupportedInterfaceOrientations_iPad = "UIInterfaceOrientationPortrait UIInterfaceOrientationPortraitUpsideDown UIInterfaceOrientationLandscapeLeft UIInterfaceOrientationLandscapeRight";
				INFOPLIST_KEY_UISupportedInterfaceOrientations_iPhone = "UIInterfaceOrientationPortrait UIInterfaceOrientationLandscapeLeft UIInterfaceOrientationLandscapeRight";
				LD_RUNPATH_SEARCH_PATHS = (
					"$(inherited)",
					"@executable_path/Frameworks",
				);
				MARKETING_VERSION = 1.0;
				PRODUCT_BUNDLE_IDENTIFIER = me.griche.Guidomia;
				PRODUCT_NAME = "$(TARGET_NAME)";
				SWIFT_EMIT_LOC_STRINGS = YES;
				SWIFT_VERSION = 5.0;
				TARGETED_DEVICE_FAMILY = "1,2";
			};
			name = Debug;
		};
		A332329329003166001DC633 /* Release */ = {
			isa = XCBuildConfiguration;
			buildSettings = {
				ASSETCATALOG_COMPILER_APPICON_NAME = AppIcon;
				ASSETCATALOG_COMPILER_GLOBAL_ACCENT_COLOR_NAME = AccentColor;
				CODE_SIGN_STYLE = Automatic;
				CURRENT_PROJECT_VERSION = 1;
				DEVELOPMENT_TEAM = HJ935V4392;
				GENERATE_INFOPLIST_FILE = YES;
				INFOPLIST_FILE = Guidomia/Info.plist;
				INFOPLIST_KEY_UIApplicationSupportsIndirectInputEvents = YES;
				INFOPLIST_KEY_UILaunchStoryboardName = LaunchScreen;
				INFOPLIST_KEY_UIMainStoryboardFile = Main;
				INFOPLIST_KEY_UISupportedInterfaceOrientations_iPad = "UIInterfaceOrientationPortrait UIInterfaceOrientationPortraitUpsideDown UIInterfaceOrientationLandscapeLeft UIInterfaceOrientationLandscapeRight";
				INFOPLIST_KEY_UISupportedInterfaceOrientations_iPhone = "UIInterfaceOrientationPortrait UIInterfaceOrientationLandscapeLeft UIInterfaceOrientationLandscapeRight";
				LD_RUNPATH_SEARCH_PATHS = (
					"$(inherited)",
					"@executable_path/Frameworks",
				);
				MARKETING_VERSION = 1.0;
				PRODUCT_BUNDLE_IDENTIFIER = me.griche.Guidomia;
				PRODUCT_NAME = "$(TARGET_NAME)";
				SWIFT_EMIT_LOC_STRINGS = YES;
				SWIFT_VERSION = 5.0;
				TARGETED_DEVICE_FAMILY = "1,2";
			};
			name = Release;
		};
/* End XCBuildConfiguration section */

/* Begin XCConfigurationList section */
		A332327829003164001DC633 /* Build configuration list for PBXProject "Guidomia" */ = {
			isa = XCConfigurationList;
			buildConfigurations = (
				A332328F29003166001DC633 /* Debug */,
				A332329029003166001DC633 /* Release */,
			);
			defaultConfigurationIsVisible = 0;
			defaultConfigurationName = Release;
		};
		A332329129003166001DC633 /* Build configuration list for PBXNativeTarget "Guidomia" */ = {
			isa = XCConfigurationList;
			buildConfigurations = (
				A332329229003166001DC633 /* Debug */,
				A332329329003166001DC633 /* Release */,
			);
			defaultConfigurationIsVisible = 0;
			defaultConfigurationName = Release;
		};
/* End XCConfigurationList section */
	};
	rootObject = A332327529003164001DC633 /* Project object */;
}
